
Microsoft Visual Studio Solution File, Format Version 11.00
# Visual Studio 2010
Project("{FAE04EC0-301F-11D3-BF4B-00C04F79EFBC}") = "Calendar", "Calendar\Calendar.csproj", "{67860570-336E-4CA1-BB80-F943F012CCE1}"
EndProject
Project("{FAE04EC0-301F-11D3-BF4B-00C04F79EFBC}") = "Calendar.Tests", "Calendar.Tests\Calendar.Tests.csproj", "{D35FCE82-A4B9-458F-9866-AD73E2219FE4}"
EndProject
Global
	GlobalSection(SolutionConfigurationPlatforms) = preSolution
		Debug|Any CPU = Debug|Any CPU
		Release|Any CPU = Release|Any CPU
	EndGlobalSection
	GlobalSection(ProjectConfigurationPlatforms) = postSolution
		{67860570-336E-4CA1-BB80-F943F012CCE1}.Debug|Any CPU.ActiveCfg = Debug|Any CPU
		{67860570-336E-4CA1-BB80-F943F012CCE1}.Debug|Any CPU.Build.0 = Debug|Any CPU
		{67860570-336E-4CA1-BB80-F943F012CCE1}.Release|Any CPU.ActiveCfg = Release|Any CPU
		{67860570-336E-4CA1-BB80-F943F012CCE1}.Release|Any CPU.Build.0 = Release|Any CPU
		{D35FCE82-A4B9-458F-9866-AD73E2219FE4}.Debug|Any CPU.ActiveCfg = Debug|Any CPU
		{D35FCE82-A4B9-458F-9866-AD73E2219FE4}.Debug|Any CPU.Build.0 = Debug|Any CPU
		{D35FCE82-A4B9-458F-9866-AD73E2219FE4}.Release|Any CPU.ActiveCfg = Release|Any CPU
		{D35FCE82-A4B9-458F-9866-AD73E2219FE4}.Release|Any CPU.Build.0 = Release|Any CPU
	EndGlobalSection
	GlobalSection(SolutionProperties) = preSolution
		HideSolutionNode = FALSE
	EndGlobalSection
EndGlobal
